// !$*UTF8*$!
{
	archiveVersion = 1;
	classes = {
	};
	objectVersion = 56;
	objects = {

/* Begin PBXBuildFile section */
		1D6E61F02AF89ABC004F4FEE /* AppDelegate.swift in Sources */ = {isa = PBXBuildFile; fileRef = 1D6E61EF2AF89ABC004F4FEE /* AppDelegate.swift */; };
		1D6E61F22AF89ABC004F4FEE /* SceneDelegate.swift in Sources */ = {isa = PBXBuildFile; fileRef = 1D6E61F12AF89ABC004F4FEE /* SceneDelegate.swift */; };
		1D6E61F42AF89ABC004F4FEE /* ViewController.swift in Sources */ = {isa = PBXBuildFile; fileRef = 1D6E61F32AF89ABC004F4FEE /* ViewController.swift */; };
		1D6E61F92AF89ABD004F4FEE /* Assets.xcassets in Resources */ = {isa = PBXBuildFile; fileRef = 1D6E61F82AF89ABD004F4FEE /* Assets.xcassets */; };
		1D6E61FC2AF89ABD004F4FEE /* LaunchScreen.storyboard in Resources */ = {isa = PBXBuildFile; fileRef = 1D6E61FA2AF89ABD004F4FEE /* LaunchScreen.storyboard */; };
		1D6E620A2AF8A66E004F4FEE /* SF-Pro-Display-Medium.otf in Resources */ = {isa = PBXBuildFile; fileRef = 1D6E62062AF8A66E004F4FEE /* SF-Pro-Display-Medium.otf */; };
		1D6E620B2AF8A66E004F4FEE /* SF-Pro-Display-Semibold.otf in Resources */ = {isa = PBXBuildFile; fileRef = 1D6E62072AF8A66E004F4FEE /* SF-Pro-Display-Semibold.otf */; };
		1D6E620C2AF8A66E004F4FEE /* SF-Pro-Display-Regular.otf in Resources */ = {isa = PBXBuildFile; fileRef = 1D6E62082AF8A66E004F4FEE /* SF-Pro-Display-Regular.otf */; };
		1D6E620D2AF8A66E004F4FEE /* SF-Pro-Display-Bold.otf in Resources */ = {isa = PBXBuildFile; fileRef = 1D6E62092AF8A66E004F4FEE /* SF-Pro-Display-Bold.otf */; };
		1D6E620F2AF8A7DF004F4FEE /* TabBarController.swift in Sources */ = {isa = PBXBuildFile; fileRef = 1D6E620E2AF8A7DF004F4FEE /* TabBarController.swift */; };
		1D6E62112AF8ACE3004F4FEE /* MainPageViewController.swift in Sources */ = {isa = PBXBuildFile; fileRef = 1D6E62102AF8ACE3004F4FEE /* MainPageViewController.swift */; };
		1D6E62132AF8ACEE004F4FEE /* SearchViewController.swift in Sources */ = {isa = PBXBuildFile; fileRef = 1D6E62122AF8ACEE004F4FEE /* SearchViewController.swift */; };
		1D6E62152AF8ACFE004F4FEE /* FavoritesViewController.swift in Sources */ = {isa = PBXBuildFile; fileRef = 1D6E62142AF8ACFE004F4FEE /* FavoritesViewController.swift */; };
		1D6E62172AF8AD0A004F4FEE /* ProfileViewController.swift in Sources */ = {isa = PBXBuildFile; fileRef = 1D6E62162AF8AD0A004F4FEE /* ProfileViewController.swift */; };
		1D6E621A2AF8CB54004F4FEE /* SnapKit in Frameworks */ = {isa = PBXBuildFile; productRef = 1D6E62192AF8CB54004F4FEE /* SnapKit */; };
		1D6E621C2AF90D49004F4FEE /* PersonalDataViewController.swift in Sources */ = {isa = PBXBuildFile; fileRef = 1D6E621B2AF90D49004F4FEE /* PersonalDataViewController.swift */; };
		1D6E621F2AFA767C004F4FEE /* LanguageViewController.swift in Sources */ = {isa = PBXBuildFile; fileRef = 1D6E621E2AFA767C004F4FEE /* LanguageViewController.swift */; };
		1D6E62212AFB4C3E004F4FEE /* LanguageTableViewCell.swift in Sources */ = {isa = PBXBuildFile; fileRef = 1D6E62202AFB4C3E004F4FEE /* LanguageTableViewCell.swift */; };
		1D6E622F2AFB6FA8004F4FEE /* Localizable.strings in Resources */ = {isa = PBXBuildFile; fileRef = 1D6E62312AFB6FA8004F4FEE /* Localizable.strings */; };
		1D8ADDA12AFCCD35009D434F /* ChangePasswordViewController.swift in Sources */ = {isa = PBXBuildFile; fileRef = 1D8ADDA02AFCCD35009D434F /* ChangePasswordViewController.swift */; };
		1D8ADDA42AFCD111009D434F /* TextFieldWithPadding.swift in Sources */ = {isa = PBXBuildFile; fileRef = 1D8ADDA32AFCD111009D434F /* TextFieldWithPadding.swift */; };
		1D8ADDAA2AFCE340009D434F /* SignInViewController.swift in Sources */ = {isa = PBXBuildFile; fileRef = 1D8ADDA92AFCE340009D434F /* SignInViewController.swift */; };
		1D8ADDAC2AFCE34B009D434F /* SignUpViewController.swift in Sources */ = {isa = PBXBuildFile; fileRef = 1D8ADDAB2AFCE34B009D434F /* SignUpViewController.swift */; };
		1D8ADDAE2AFCED6F009D434F /* AddSubViews.swift in Sources */ = {isa = PBXBuildFile; fileRef = 1D8ADDAD2AFCED6F009D434F /* AddSubViews.swift */; };
		1D8ADDB12AFDE699009D434F /* Urls.swift in Sources */ = {isa = PBXBuildFile; fileRef = 1D8ADDB02AFDE699009D434F /* Urls.swift */; };
		1D8ADDB42AFDE6AF009D434F /* Storage.swift in Sources */ = {isa = PBXBuildFile; fileRef = 1D8ADDB32AFDE6AF009D434F /* Storage.swift */; };
		1D8ADDB62AFE053D009D434F /* Validation.swift in Sources */ = {isa = PBXBuildFile; fileRef = 1D8ADDB52AFE053D009D434F /* Validation.swift */; };
		1D8ADDB82AFE055E009D434F /* DatePicker.swift in Sources */ = {isa = PBXBuildFile; fileRef = 1D8ADDB72AFE055E009D434F /* DatePicker.swift */; };
		1D8ADDBA2AFE376F009D434F /* Profile.swift in Sources */ = {isa = PBXBuildFile; fileRef = 1D8ADDB92AFE376F009D434F /* Profile.swift */; };
		1DDC55DF2B037BF400771793 /* LogOutViewController.swift in Sources */ = {isa = PBXBuildFile; fileRef = 1DDC55DE2B037BF400771793 /* LogOutViewController.swift */; };
		37EF87A93FCDDBD836E029F6 /* Pods_Ozinshe_SnapKit.framework in Frameworks */ = {isa = PBXBuildFile; fileRef = 6D2F1E0C6CC5F62F4D625038 /* Pods_Ozinshe_SnapKit.framework */; };
/* End PBXBuildFile section */

/* Begin PBXFileReference section */
		1D6E61EC2AF89ABC004F4FEE /* Ozinshe_SnapKit.app */ = {isa = PBXFileReference; explicitFileType = wrapper.application; includeInIndex = 0; path = Ozinshe_SnapKit.app; sourceTree = BUILT_PRODUCTS_DIR; };
		1D6E61EF2AF89ABC004F4FEE /* AppDelegate.swift */ = {isa = PBXFileReference; lastKnownFileType = sourcecode.swift; path = AppDelegate.swift; sourceTree = "<group>"; };
		1D6E61F12AF89ABC004F4FEE /* SceneDelegate.swift */ = {isa = PBXFileReference; lastKnownFileType = sourcecode.swift; path = SceneDelegate.swift; sourceTree = "<group>"; };
		1D6E61F32AF89ABC004F4FEE /* ViewController.swift */ = {isa = PBXFileReference; lastKnownFileType = sourcecode.swift; path = ViewController.swift; sourceTree = "<group>"; };
		1D6E61F82AF89ABD004F4FEE /* Assets.xcassets */ = {isa = PBXFileReference; lastKnownFileType = folder.assetcatalog; path = Assets.xcassets; sourceTree = "<group>"; };
		1D6E61FB2AF89ABD004F4FEE /* Base */ = {isa = PBXFileReference; lastKnownFileType = file.storyboard; name = Base; path = Base.lproj/LaunchScreen.storyboard; sourceTree = "<group>"; };
		1D6E61FD2AF89ABD004F4FEE /* Info.plist */ = {isa = PBXFileReference; lastKnownFileType = text.plist.xml; path = Info.plist; sourceTree = "<group>"; };
		1D6E62062AF8A66E004F4FEE /* SF-Pro-Display-Medium.otf */ = {isa = PBXFileReference; lastKnownFileType = file; path = "SF-Pro-Display-Medium.otf"; sourceTree = "<group>"; };
		1D6E62072AF8A66E004F4FEE /* SF-Pro-Display-Semibold.otf */ = {isa = PBXFileReference; lastKnownFileType = file; path = "SF-Pro-Display-Semibold.otf"; sourceTree = "<group>"; };
		1D6E62082AF8A66E004F4FEE /* SF-Pro-Display-Regular.otf */ = {isa = PBXFileReference; lastKnownFileType = file; path = "SF-Pro-Display-Regular.otf"; sourceTree = "<group>"; };
		1D6E62092AF8A66E004F4FEE /* SF-Pro-Display-Bold.otf */ = {isa = PBXFileReference; lastKnownFileType = file; path = "SF-Pro-Display-Bold.otf"; sourceTree = "<group>"; };
		1D6E620E2AF8A7DF004F4FEE /* TabBarController.swift */ = {isa = PBXFileReference; lastKnownFileType = sourcecode.swift; path = TabBarController.swift; sourceTree = "<group>"; };
		1D6E62102AF8ACE3004F4FEE /* MainPageViewController.swift */ = {isa = PBXFileReference; lastKnownFileType = sourcecode.swift; path = MainPageViewController.swift; sourceTree = "<group>"; };
		1D6E62122AF8ACEE004F4FEE /* SearchViewController.swift */ = {isa = PBXFileReference; lastKnownFileType = sourcecode.swift; path = SearchViewController.swift; sourceTree = "<group>"; };
		1D6E62142AF8ACFE004F4FEE /* FavoritesViewController.swift */ = {isa = PBXFileReference; lastKnownFileType = sourcecode.swift; path = FavoritesViewController.swift; sourceTree = "<group>"; };
		1D6E62162AF8AD0A004F4FEE /* ProfileViewController.swift */ = {isa = PBXFileReference; lastKnownFileType = sourcecode.swift; path = ProfileViewController.swift; sourceTree = "<group>"; };
		1D6E621B2AF90D49004F4FEE /* PersonalDataViewController.swift */ = {isa = PBXFileReference; lastKnownFileType = sourcecode.swift; path = PersonalDataViewController.swift; sourceTree = "<group>"; };
		1D6E621E2AFA767C004F4FEE /* LanguageViewController.swift */ = {isa = PBXFileReference; lastKnownFileType = sourcecode.swift; path = LanguageViewController.swift; sourceTree = "<group>"; };
		1D6E62202AFB4C3E004F4FEE /* LanguageTableViewCell.swift */ = {isa = PBXFileReference; lastKnownFileType = sourcecode.swift; path = LanguageTableViewCell.swift; sourceTree = "<group>"; };
		1D6E62302AFB6FA8004F4FEE /* en */ = {isa = PBXFileReference; lastKnownFileType = text.plist.strings; name = en; path = en.lproj/Localizable.strings; sourceTree = "<group>"; };
		1D6E62322AFB6FF2004F4FEE /* ru */ = {isa = PBXFileReference; lastKnownFileType = text.plist.strings; name = ru; path = ru.lproj/Localizable.strings; sourceTree = "<group>"; };
		1D6E62332AFB700C004F4FEE /* kk */ = {isa = PBXFileReference; lastKnownFileType = text.plist.strings; name = kk; path = kk.lproj/Localizable.strings; sourceTree = "<group>"; };
		1D8ADDA02AFCCD35009D434F /* ChangePasswordViewController.swift */ = {isa = PBXFileReference; lastKnownFileType = sourcecode.swift; path = ChangePasswordViewController.swift; sourceTree = "<group>"; };
		1D8ADDA32AFCD111009D434F /* TextFieldWithPadding.swift */ = {isa = PBXFileReference; lastKnownFileType = sourcecode.swift; path = TextFieldWithPadding.swift; sourceTree = "<group>"; };
		1D8ADDA92AFCE340009D434F /* SignInViewController.swift */ = {isa = PBXFileReference; lastKnownFileType = sourcecode.swift; path = SignInViewController.swift; sourceTree = "<group>"; };
		1D8ADDAB2AFCE34B009D434F /* SignUpViewController.swift */ = {isa = PBXFileReference; lastKnownFileType = sourcecode.swift; path = SignUpViewController.swift; sourceTree = "<group>"; };
		1D8ADDAD2AFCED6F009D434F /* AddSubViews.swift */ = {isa = PBXFileReference; lastKnownFileType = sourcecode.swift; path = AddSubViews.swift; sourceTree = "<group>"; };
		1D8ADDB02AFDE699009D434F /* Urls.swift */ = {isa = PBXFileReference; lastKnownFileType = sourcecode.swift; path = Urls.swift; sourceTree = "<group>"; };
		1D8ADDB32AFDE6AF009D434F /* Storage.swift */ = {isa = PBXFileReference; lastKnownFileType = sourcecode.swift; path = Storage.swift; sourceTree = "<group>"; };
		1D8ADDB52AFE053D009D434F /* Validation.swift */ = {isa = PBXFileReference; lastKnownFileType = sourcecode.swift; path = Validation.swift; sourceTree = "<group>"; };
		1D8ADDB72AFE055E009D434F /* DatePicker.swift */ = {isa = PBXFileReference; lastKnownFileType = sourcecode.swift; path = DatePicker.swift; sourceTree = "<group>"; };
		1D8ADDB92AFE376F009D434F /* Profile.swift */ = {isa = PBXFileReference; lastKnownFileType = sourcecode.swift; name = Profile.swift; path = Extensions/Profile.swift; sourceTree = SOURCE_ROOT; };
		1DDC55DE2B037BF400771793 /* LogOutViewController.swift */ = {isa = PBXFileReference; lastKnownFileType = sourcecode.swift; path = LogOutViewController.swift; sourceTree = "<group>"; };
		6D2F1E0C6CC5F62F4D625038 /* Pods_Ozinshe_SnapKit.framework */ = {isa = PBXFileReference; explicitFileType = wrapper.framework; includeInIndex = 0; path = Pods_Ozinshe_SnapKit.framework; sourceTree = BUILT_PRODUCTS_DIR; };
		B45145AB690BD6FC14C32341 /* Pods-Ozinshe_SnapKit.release.xcconfig */ = {isa = PBXFileReference; includeInIndex = 1; lastKnownFileType = text.xcconfig; name = "Pods-Ozinshe_SnapKit.release.xcconfig"; path = "Target Support Files/Pods-Ozinshe_SnapKit/Pods-Ozinshe_SnapKit.release.xcconfig"; sourceTree = "<group>"; };
		C873A2D1926B796290AEE81C /* Pods-Ozinshe_SnapKit.debug.xcconfig */ = {isa = PBXFileReference; includeInIndex = 1; lastKnownFileType = text.xcconfig; name = "Pods-Ozinshe_SnapKit.debug.xcconfig"; path = "Target Support Files/Pods-Ozinshe_SnapKit/Pods-Ozinshe_SnapKit.debug.xcconfig"; sourceTree = "<group>"; };
/* End PBXFileReference section */

/* Begin PBXFrameworksBuildPhase section */
		1D6E61E92AF89ABC004F4FEE /* Frameworks */ = {
			isa = PBXFrameworksBuildPhase;
			buildActionMask = 2147483647;
			files = (
				37EF87A93FCDDBD836E029F6 /* Pods_Ozinshe_SnapKit.framework in Frameworks */,
				1D6E621A2AF8CB54004F4FEE /* SnapKit in Frameworks */,
			);
			runOnlyForDeploymentPostprocessing = 0;
		};
/* End PBXFrameworksBuildPhase section */

/* Begin PBXGroup section */
		1D6E61E32AF89ABC004F4FEE = {
			isa = PBXGroup;
			children = (
				1D8ADDB22AFDE6A3009D434F /* Storage */,
				1D8ADDAF2AFDE68D009D434F /* Static */,
				1D8ADDA22AFCD0FB009D434F /* Extensions */,
				1D6E62312AFB6FA8004F4FEE /* Localizable.strings */,
				1D6E61EE2AF89ABC004F4FEE /* Ozinshe_SnapKit */,
				1D6E61ED2AF89ABC004F4FEE /* Products */,
				CA74ECEE51D49C67481ABAB2 /* Pods */,
				86ADBFF87E08D512AB807219 /* Frameworks */,
			);
			sourceTree = "<group>";
		};
		1D6E61ED2AF89ABC004F4FEE /* Products */ = {
			isa = PBXGroup;
			children = (
				1D6E61EC2AF89ABC004F4FEE /* Ozinshe_SnapKit.app */,
			);
			name = Products;
			sourceTree = "<group>";
		};
		1D6E61EE2AF89ABC004F4FEE /* Ozinshe_SnapKit */ = {
			isa = PBXGroup;
			children = (
				1D6E61EF2AF89ABC004F4FEE /* AppDelegate.swift */,
				1D6E61F12AF89ABC004F4FEE /* SceneDelegate.swift */,
				1D6E62032AF8A630004F4FEE /* Controllers */,
				1D6E62042AF8A637004F4FEE /* Models */,
				1D6E62052AF8A63D004F4FEE /* Fonts */,
				1D6E620E2AF8A7DF004F4FEE /* TabBarController.swift */,
				1D6E61F82AF89ABD004F4FEE /* Assets.xcassets */,
				1D6E61FA2AF89ABD004F4FEE /* LaunchScreen.storyboard */,
				1D6E61FD2AF89ABD004F4FEE /* Info.plist */,
			);
			path = Ozinshe_SnapKit;
			sourceTree = "<group>";
		};
		1D6E62032AF8A630004F4FEE /* Controllers */ = {
			isa = PBXGroup;
			children = (
				1D8ADDA82AFCE311009D434F /* Sign In_Up */,
				1D8ADDA72AFCE2FE009D434F /* Favorites */,
				1D8ADDA62AFCE2F4009D434F /* Search */,
				1D8ADDA52AFCE2E3009D434F /* Main Page */,
				1D6E621D2AF9214E004F4FEE /* Profile */,
				1D6E61F32AF89ABC004F4FEE /* ViewController.swift */,
			);
			path = Controllers;
			sourceTree = "<group>";
		};
		1D6E62042AF8A637004F4FEE /* Models */ = {
			isa = PBXGroup;
			children = (
				1D8ADDB92AFE376F009D434F /* Profile.swift */,
			);
			path = Models;
			sourceTree = "<group>";
		};
		1D6E62052AF8A63D004F4FEE /* Fonts */ = {
			isa = PBXGroup;
			children = (
				1D6E62092AF8A66E004F4FEE /* SF-Pro-Display-Bold.otf */,
				1D6E62062AF8A66E004F4FEE /* SF-Pro-Display-Medium.otf */,
				1D6E62082AF8A66E004F4FEE /* SF-Pro-Display-Regular.otf */,
				1D6E62072AF8A66E004F4FEE /* SF-Pro-Display-Semibold.otf */,
			);
			path = Fonts;
			sourceTree = "<group>";
		};
		1D6E621D2AF9214E004F4FEE /* Profile */ = {
			isa = PBXGroup;
			children = (
				1D6E62162AF8AD0A004F4FEE /* ProfileViewController.swift */,
				1D6E621B2AF90D49004F4FEE /* PersonalDataViewController.swift */,
				1D6E621E2AFA767C004F4FEE /* LanguageViewController.swift */,
				1D6E62202AFB4C3E004F4FEE /* LanguageTableViewCell.swift */,
				1D8ADDA02AFCCD35009D434F /* ChangePasswordViewController.swift */,
				1DDC55DE2B037BF400771793 /* LogOutViewController.swift */,
			);
			path = Profile;
			sourceTree = "<group>";
		};
		1D8ADDA22AFCD0FB009D434F /* Extensions */ = {
			isa = PBXGroup;
			children = (
				1D8ADDA32AFCD111009D434F /* TextFieldWithPadding.swift */,
				1D8ADDAD2AFCED6F009D434F /* AddSubViews.swift */,
				1D8ADDB52AFE053D009D434F /* Validation.swift */,
				1D8ADDB72AFE055E009D434F /* DatePicker.swift */,
			);
			path = Extensions;
			sourceTree = "<group>";
		};
		1D8ADDA52AFCE2E3009D434F /* Main Page */ = {
			isa = PBXGroup;
			children = (
				1D6E62102AF8ACE3004F4FEE /* MainPageViewController.swift */,
			);
			path = "Main Page";
			sourceTree = "<group>";
		};
		1D8ADDA62AFCE2F4009D434F /* Search */ = {
			isa = PBXGroup;
			children = (
				1D6E62122AF8ACEE004F4FEE /* SearchViewController.swift */,
			);
			path = Search;
			sourceTree = "<group>";
		};
		1D8ADDA72AFCE2FE009D434F /* Favorites */ = {
			isa = PBXGroup;
			children = (
				1D6E62142AF8ACFE004F4FEE /* FavoritesViewController.swift */,
			);
			path = Favorites;
			sourceTree = "<group>";
		};
		1D8ADDA82AFCE311009D434F /* Sign In_Up */ = {
			isa = PBXGroup;
			children = (
				1D8ADDA92AFCE340009D434F /* SignInViewController.swift */,
				1D8ADDAB2AFCE34B009D434F /* SignUpViewController.swift */,
			);
			path = "Sign In_Up";
			sourceTree = "<group>";
		};
		1D8ADDAF2AFDE68D009D434F /* Static */ = {
			isa = PBXGroup;
			children = (
				1D8ADDB02AFDE699009D434F /* Urls.swift */,
			);
			path = Static;
			sourceTree = "<group>";
		};
		1D8ADDB22AFDE6A3009D434F /* Storage */ = {
			isa = PBXGroup;
			children = (
				1D8ADDB32AFDE6AF009D434F /* Storage.swift */,
			);
			path = Storage;
			sourceTree = "<group>";
		};
		86ADBFF87E08D512AB807219 /* Frameworks */ = {
			isa = PBXGroup;
			children = (
				6D2F1E0C6CC5F62F4D625038 /* Pods_Ozinshe_SnapKit.framework */,
			);
			name = Frameworks;
			sourceTree = "<group>";
		};
		CA74ECEE51D49C67481ABAB2 /* Pods */ = {
			isa = PBXGroup;
			children = (
				C873A2D1926B796290AEE81C /* Pods-Ozinshe_SnapKit.debug.xcconfig */,
				B45145AB690BD6FC14C32341 /* Pods-Ozinshe_SnapKit.release.xcconfig */,
			);
			path = Pods;
			sourceTree = "<group>";
		};
/* End PBXGroup section */

/* Begin PBXNativeTarget section */
		1D6E61EB2AF89ABC004F4FEE /* Ozinshe_SnapKit */ = {
			isa = PBXNativeTarget;
			buildConfigurationList = 1D6E62002AF89ABD004F4FEE /* Build configuration list for PBXNativeTarget "Ozinshe_SnapKit" */;
			buildPhases = (
				76FF26949A345AD20B2F6BF0 /* [CP] Check Pods Manifest.lock */,
				1D6E61E82AF89ABC004F4FEE /* Sources */,
				1D6E61E92AF89ABC004F4FEE /* Frameworks */,
				1D6E61EA2AF89ABC004F4FEE /* Resources */,
				B6285D2C37BE27B950D830E7 /* [CP] Embed Pods Frameworks */,
			);
			buildRules = (
			);
			dependencies = (
			);
			name = Ozinshe_SnapKit;
			packageProductDependencies = (
				1D6E62192AF8CB54004F4FEE /* SnapKit */,
			);
			productName = Ozinshe_SnapKit;
			productReference = 1D6E61EC2AF89ABC004F4FEE /* Ozinshe_SnapKit.app */;
			productType = "com.apple.product-type.application";
		};
/* End PBXNativeTarget section */

/* Begin PBXProject section */
		1D6E61E42AF89ABC004F4FEE /* Project object */ = {
			isa = PBXProject;
			attributes = {
				BuildIndependentTargetsInParallel = 1;
				LastSwiftUpdateCheck = 1430;
				LastUpgradeCheck = 1430;
				TargetAttributes = {
					1D6E61EB2AF89ABC004F4FEE = {
						CreatedOnToolsVersion = 14.3;
					};
				};
			};
			buildConfigurationList = 1D6E61E72AF89ABC004F4FEE /* Build configuration list for PBXProject "Ozinshe_SnapKit" */;
			compatibilityVersion = "Xcode 14.0";
			developmentRegion = en;
			hasScannedForEncodings = 0;
			knownRegions = (
				en,
				Base,
				ru,
				kk,
			);
			mainGroup = 1D6E61E32AF89ABC004F4FEE;
			packageReferences = (
				1D6E62182AF8CB54004F4FEE /* XCRemoteSwiftPackageReference "SnapKit" */,
			);
			productRefGroup = 1D6E61ED2AF89ABC004F4FEE /* Products */;
			projectDirPath = "";
			projectRoot = "";
			targets = (
				1D6E61EB2AF89ABC004F4FEE /* Ozinshe_SnapKit */,
			);
		};
/* End PBXProject section */

/* Begin PBXResourcesBuildPhase section */
		1D6E61EA2AF89ABC004F4FEE /* Resources */ = {
			isa = PBXResourcesBuildPhase;
			buildActionMask = 2147483647;
			files = (
				1D6E620B2AF8A66E004F4FEE /* SF-Pro-Display-Semibold.otf in Resources */,
				1D6E620A2AF8A66E004F4FEE /* SF-Pro-Display-Medium.otf in Resources */,
				1D6E620D2AF8A66E004F4FEE /* SF-Pro-Display-Bold.otf in Resources */,
				1D6E622F2AFB6FA8004F4FEE /* Localizable.strings in Resources */,
				1D6E61FC2AF89ABD004F4FEE /* LaunchScreen.storyboard in Resources */,
				1D6E620C2AF8A66E004F4FEE /* SF-Pro-Display-Regular.otf in Resources */,
				1D6E61F92AF89ABD004F4FEE /* Assets.xcassets in Resources */,
			);
			runOnlyForDeploymentPostprocessing = 0;
		};
/* End PBXResourcesBuildPhase section */

/* Begin PBXShellScriptBuildPhase section */
		76FF26949A345AD20B2F6BF0 /* [CP] Check Pods Manifest.lock */ = {
			isa = PBXShellScriptBuildPhase;
			buildActionMask = 2147483647;
			files = (
			);
			inputFileListPaths = (
			);
			inputPaths = (
				"${PODS_PODFILE_DIR_PATH}/Podfile.lock",
				"${PODS_ROOT}/Manifest.lock",
			);
			name = "[CP] Check Pods Manifest.lock";
			outputFileListPaths = (
			);
			outputPaths = (
				"$(DERIVED_FILE_DIR)/Pods-Ozinshe_SnapKit-checkManifestLockResult.txt",
			);
			runOnlyForDeploymentPostprocessing = 0;
			shellPath = /bin/sh;
			shellScript = "diff \"${PODS_PODFILE_DIR_PATH}/Podfile.lock\" \"${PODS_ROOT}/Manifest.lock\" > /dev/null\nif [ $? != 0 ] ; then\n    # print error to STDERR\n    echo \"error: The sandbox is not in sync with the Podfile.lock. Run 'pod install' or update your CocoaPods installation.\" >&2\n    exit 1\nfi\n# This output is used by Xcode 'outputs' to avoid re-running this script phase.\necho \"SUCCESS\" > \"${SCRIPT_OUTPUT_FILE_0}\"\n";
			showEnvVarsInLog = 0;
		};
		B6285D2C37BE27B950D830E7 /* [CP] Embed Pods Frameworks */ = {
			isa = PBXShellScriptBuildPhase;
			buildActionMask = 2147483647;
			files = (
			);
			inputFileListPaths = (
				"${PODS_ROOT}/Target Support Files/Pods-Ozinshe_SnapKit/Pods-Ozinshe_SnapKit-frameworks-${CONFIGURATION}-input-files.xcfilelist",
			);
			name = "[CP] Embed Pods Frameworks";
			outputFileListPaths = (
				"${PODS_ROOT}/Target Support Files/Pods-Ozinshe_SnapKit/Pods-Ozinshe_SnapKit-frameworks-${CONFIGURATION}-output-files.xcfilelist",
			);
			runOnlyForDeploymentPostprocessing = 0;
			shellPath = /bin/sh;
			shellScript = "\"${PODS_ROOT}/Target Support Files/Pods-Ozinshe_SnapKit/Pods-Ozinshe_SnapKit-frameworks.sh\"\n";
			showEnvVarsInLog = 0;
		};
/* End PBXShellScriptBuildPhase section */

/* Begin PBXSourcesBuildPhase section */
		1D6E61E82AF89ABC004F4FEE /* Sources */ = {
			isa = PBXSourcesBuildPhase;
			buildActionMask = 2147483647;
			files = (
				1D8ADDAA2AFCE340009D434F /* SignInViewController.swift in Sources */,
				1D6E621F2AFA767C004F4FEE /* LanguageViewController.swift in Sources */,
				1D6E62132AF8ACEE004F4FEE /* SearchViewController.swift in Sources */,
				1D6E62112AF8ACE3004F4FEE /* MainPageViewController.swift in Sources */,
				1DDC55DF2B037BF400771793 /* LogOutViewController.swift in Sources */,
				1D6E621C2AF90D49004F4FEE /* PersonalDataViewController.swift in Sources */,
				1D8ADDB42AFDE6AF009D434F /* Storage.swift in Sources */,
				1D8ADDAE2AFCED6F009D434F /* AddSubViews.swift in Sources */,
				1D8ADDA42AFCD111009D434F /* TextFieldWithPadding.swift in Sources */,
				1D6E62152AF8ACFE004F4FEE /* FavoritesViewController.swift in Sources */,
				1D8ADDB12AFDE699009D434F /* Urls.swift in Sources */,
				1D8ADDBA2AFE376F009D434F /* Profile.swift in Sources */,
				1D6E61F42AF89ABC004F4FEE /* ViewController.swift in Sources */,
				1D6E620F2AF8A7DF004F4FEE /* TabBarController.swift in Sources */,
				1D8ADDAC2AFCE34B009D434F /* SignUpViewController.swift in Sources */,
				1D8ADDB62AFE053D009D434F /* Validation.swift in Sources */,
				1D6E62212AFB4C3E004F4FEE /* LanguageTableViewCell.swift in Sources */,
				1D6E61F02AF89ABC004F4FEE /* AppDelegate.swift in Sources */,
				1D8ADDA12AFCCD35009D434F /* ChangePasswordViewController.swift in Sources */,
				1D6E62172AF8AD0A004F4FEE /* ProfileViewController.swift in Sources */,
				1D6E61F22AF89ABC004F4FEE /* SceneDelegate.swift in Sources */,
				1D8ADDB82AFE055E009D434F /* DatePicker.swift in Sources */,
			);
			runOnlyForDeploymentPostprocessing = 0;
		};
/* End PBXSourcesBuildPhase section */

/* Begin PBXVariantGroup section */
		1D6E61FA2AF89ABD004F4FEE /* LaunchScreen.storyboard */ = {
			isa = PBXVariantGroup;
			children = (
				1D6E61FB2AF89ABD004F4FEE /* Base */,
			);
			name = LaunchScreen.storyboard;
			sourceTree = "<group>";
		};
		1D6E62312AFB6FA8004F4FEE /* Localizable.strings */ = {
			isa = PBXVariantGroup;
			children = (
				1D6E62302AFB6FA8004F4FEE /* en */,
				1D6E62322AFB6FF2004F4FEE /* ru */,
				1D6E62332AFB700C004F4FEE /* kk */,
			);
			name = Localizable.strings;
			sourceTree = "<group>";
		};
/* End PBXVariantGroup section */

/* Begin XCBuildConfiguration section */
		1D6E61FE2AF89ABD004F4FEE /* Debug */ = {
			isa = XCBuildConfiguration;
			buildSettings = {
				ALWAYS_SEARCH_USER_PATHS = NO;
				CLANG_ANALYZER_LOCALIZABILITY_NONLOCALIZED = YES;
				CLANG_ANALYZER_NONNULL = YES;
				CLANG_ANALYZER_NUMBER_OBJECT_CONVERSION = YES_AGGRESSIVE;
				CLANG_CXX_LANGUAGE_STANDARD = "gnu++20";
				CLANG_ENABLE_MODULES = YES;
				CLANG_ENABLE_OBJC_ARC = YES;
				CLANG_ENABLE_OBJC_WEAK = YES;
				CLANG_WARN_BLOCK_CAPTURE_AUTORELEASING = YES;
				CLANG_WARN_BOOL_CONVERSION = YES;
				CLANG_WARN_COMMA = YES;
				CLANG_WARN_CONSTANT_CONVERSION = YES;
				CLANG_WARN_DEPRECATED_OBJC_IMPLEMENTATIONS = YES;
				CLANG_WARN_DIRECT_OBJC_ISA_USAGE = YES_ERROR;
				CLANG_WARN_DOCUMENTATION_COMMENTS = YES;
				CLANG_WARN_EMPTY_BODY = YES;
				CLANG_WARN_ENUM_CONVERSION = YES;
				CLANG_WARN_INFINITE_RECURSION = YES;
				CLANG_WARN_INT_CONVERSION = YES;
				CLANG_WARN_NON_LITERAL_NULL_CONVERSION = YES;
				CLANG_WARN_OBJC_IMPLICIT_RETAIN_SELF = YES;
				CLANG_WARN_OBJC_LITERAL_CONVERSION = YES;
				CLANG_WARN_OBJC_ROOT_CLASS = YES_ERROR;
				CLANG_WARN_QUOTED_INCLUDE_IN_FRAMEWORK_HEADER = YES;
				CLANG_WARN_RANGE_LOOP_ANALYSIS = YES;
				CLANG_WARN_STRICT_PROTOTYPES = YES;
				CLANG_WARN_SUSPICIOUS_MOVE = YES;
				CLANG_WARN_UNGUARDED_AVAILABILITY = YES_AGGRESSIVE;
				CLANG_WARN_UNREACHABLE_CODE = YES;
				CLANG_WARN__DUPLICATE_METHOD_MATCH = YES;
				COPY_PHASE_STRIP = NO;
				DEBUG_INFORMATION_FORMAT = dwarf;
				ENABLE_STRICT_OBJC_MSGSEND = YES;
				ENABLE_TESTABILITY = YES;
				GCC_C_LANGUAGE_STANDARD = gnu11;
				GCC_DYNAMIC_NO_PIC = NO;
				GCC_NO_COMMON_BLOCKS = YES;
				GCC_OPTIMIZATION_LEVEL = 0;
				GCC_PREPROCESSOR_DEFINITIONS = (
					"DEBUG=1",
					"$(inherited)",
				);
				GCC_WARN_64_TO_32_BIT_CONVERSION = YES;
				GCC_WARN_ABOUT_RETURN_TYPE = YES_ERROR;
				GCC_WARN_UNDECLARED_SELECTOR = YES;
				GCC_WARN_UNINITIALIZED_AUTOS = YES_AGGRESSIVE;
				GCC_WARN_UNUSED_FUNCTION = YES;
				GCC_WARN_UNUSED_VARIABLE = YES;
				IPHONEOS_DEPLOYMENT_TARGET = 16.4;
				MTL_ENABLE_DEBUG_INFO = INCLUDE_SOURCE;
				MTL_FAST_MATH = YES;
				ONLY_ACTIVE_ARCH = YES;
				SDKROOT = iphoneos;
				SWIFT_ACTIVE_COMPILATION_CONDITIONS = DEBUG;
				SWIFT_OPTIMIZATION_LEVEL = "-Onone";
			};
			name = Debug;
		};
		1D6E61FF2AF89ABD004F4FEE /* Release */ = {
			isa = XCBuildConfiguration;
			buildSettings = {
				ALWAYS_SEARCH_USER_PATHS = NO;
				CLANG_ANALYZER_LOCALIZABILITY_NONLOCALIZED = YES;
				CLANG_ANALYZER_NONNULL = YES;
				CLANG_ANALYZER_NUMBER_OBJECT_CONVERSION = YES_AGGRESSIVE;
				CLANG_CXX_LANGUAGE_STANDARD = "gnu++20";
				CLANG_ENABLE_MODULES = YES;
				CLANG_ENABLE_OBJC_ARC = YES;
				CLANG_ENABLE_OBJC_WEAK = YES;
				CLANG_WARN_BLOCK_CAPTURE_AUTORELEASING = YES;
				CLANG_WARN_BOOL_CONVERSION = YES;
				CLANG_WARN_COMMA = YES;
				CLANG_WARN_CONSTANT_CONVERSION = YES;
				CLANG_WARN_DEPRECATED_OBJC_IMPLEMENTATIONS = YES;
				CLANG_WARN_DIRECT_OBJC_ISA_USAGE = YES_ERROR;
				CLANG_WARN_DOCUMENTATION_COMMENTS = YES;
				CLANG_WARN_EMPTY_BODY = YES;
				CLANG_WARN_ENUM_CONVERSION = YES;
				CLANG_WARN_INFINITE_RECURSION = YES;
				CLANG_WARN_INT_CONVERSION = YES;
				CLANG_WARN_NON_LITERAL_NULL_CONVERSION = YES;
				CLANG_WARN_OBJC_IMPLICIT_RETAIN_SELF = YES;
				CLANG_WARN_OBJC_LITERAL_CONVERSION = YES;
				CLANG_WARN_OBJC_ROOT_CLASS = YES_ERROR;
				CLANG_WARN_QUOTED_INCLUDE_IN_FRAMEWORK_HEADER = YES;
				CLANG_WARN_RANGE_LOOP_ANALYSIS = YES;
				CLANG_WARN_STRICT_PROTOTYPES = YES;
				CLANG_WARN_SUSPICIOUS_MOVE = YES;
				CLANG_WARN_UNGUARDED_AVAILABILITY = YES_AGGRESSIVE;
				CLANG_WARN_UNREACHABLE_CODE = YES;
				CLANG_WARN__DUPLICATE_METHOD_MATCH = YES;
				COPY_PHASE_STRIP = NO;
				DEBUG_INFORMATION_FORMAT = "dwarf-with-dsym";
				ENABLE_NS_ASSERTIONS = NO;
				ENABLE_STRICT_OBJC_MSGSEND = YES;
				GCC_C_LANGUAGE_STANDARD = gnu11;
				GCC_NO_COMMON_BLOCKS = YES;
				GCC_WARN_64_TO_32_BIT_CONVERSION = YES;
				GCC_WARN_ABOUT_RETURN_TYPE = YES_ERROR;
				GCC_WARN_UNDECLARED_SELECTOR = YES;
				GCC_WARN_UNINITIALIZED_AUTOS = YES_AGGRESSIVE;
				GCC_WARN_UNUSED_FUNCTION = YES;
				GCC_WARN_UNUSED_VARIABLE = YES;
				IPHONEOS_DEPLOYMENT_TARGET = 16.4;
				MTL_ENABLE_DEBUG_INFO = NO;
				MTL_FAST_MATH = YES;
				SDKROOT = iphoneos;
				SWIFT_COMPILATION_MODE = wholemodule;
				SWIFT_OPTIMIZATION_LEVEL = "-O";
				VALIDATE_PRODUCT = YES;
			};
			name = Release;
		};
		1D6E62012AF89ABD004F4FEE /* Debug */ = {
			isa = XCBuildConfiguration;
			baseConfigurationReference = C873A2D1926B796290AEE81C /* Pods-Ozinshe_SnapKit.debug.xcconfig */;
			buildSettings = {
				ASSETCATALOG_COMPILER_APPICON_NAME = AppIcon;
				ASSETCATALOG_COMPILER_GLOBAL_ACCENT_COLOR_NAME = AccentColor;
				CODE_SIGN_STYLE = Automatic;
				CURRENT_PROJECT_VERSION = 1;
				DEVELOPMENT_TEAM = 5JGS5Y3M6D;
				GENERATE_INFOPLIST_FILE = YES;
				INFOPLIST_FILE = Ozinshe_SnapKit/Info.plist;
				INFOPLIST_KEY_UIApplicationSupportsIndirectInputEvents = YES;
				INFOPLIST_KEY_UILaunchStoryboardName = LaunchScreen;
				INFOPLIST_KEY_UISupportedInterfaceOrientations_iPad = "UIInterfaceOrientationPortrait UIInterfaceOrientationPortraitUpsideDown UIInterfaceOrientationLandscapeLeft UIInterfaceOrientationLandscapeRight";
				INFOPLIST_KEY_UISupportedInterfaceOrientations_iPhone = "UIInterfaceOrientationPortrait UIInterfaceOrientationLandscapeLeft UIInterfaceOrientationLandscapeRight";
				LD_RUNPATH_SEARCH_PATHS = (
					"$(inherited)",
					"@executable_path/Frameworks",
				);
				MARKETING_VERSION = 1.0;
				PRODUCT_BUNDLE_IDENTIFIER = "com.example.Ozinshe-SnapKit";
				PRODUCT_NAME = "$(TARGET_NAME)";
				SWIFT_EMIT_LOC_STRINGS = YES;
				SWIFT_VERSION = 5.0;
				TARGETED_DEVICE_FAMILY = "1,2";
			};
			name = Debug;
		};
		1D6E62022AF89ABD004F4FEE /* Release */ = {
			isa = XCBuildConfiguration;
			baseConfigurationReference = B45145AB690BD6FC14C32341 /* Pods-Ozinshe_SnapKit.release.xcconfig */;
			buildSettings = {
				ASSETCATALOG_COMPILER_APPICON_NAME = AppIcon;
				ASSETCATALOG_COMPILER_GLOBAL_ACCENT_COLOR_NAME = AccentColor;
				CODE_SIGN_STYLE = Automatic;
				CURRENT_PROJECT_VERSION = 1;
				DEVELOPMENT_TEAM = 5JGS5Y3M6D;
				GENERATE_INFOPLIST_FILE = YES;
				INFOPLIST_FILE = Ozinshe_SnapKit/Info.plist;
				INFOPLIST_KEY_UIApplicationSupportsIndirectInputEvents = YES;
				INFOPLIST_KEY_UILaunchStoryboardName = LaunchScreen;
				INFOPLIST_KEY_UISupportedInterfaceOrientations_iPad = "UIInterfaceOrientationPortrait UIInterfaceOrientationPortraitUpsideDown UIInterfaceOrientationLandscapeLeft UIInterfaceOrientationLandscapeRight";
				INFOPLIST_KEY_UISupportedInterfaceOrientations_iPhone = "UIInterfaceOrientationPortrait UIInterfaceOrientationLandscapeLeft UIInterfaceOrientationLandscapeRight";
				LD_RUNPATH_SEARCH_PATHS = (
					"$(inherited)",
					"@executable_path/Frameworks",
				);
				MARKETING_VERSION = 1.0;
				PRODUCT_BUNDLE_IDENTIFIER = "com.example.Ozinshe-SnapKit";
				PRODUCT_NAME = "$(TARGET_NAME)";
				SWIFT_EMIT_LOC_STRINGS = YES;
				SWIFT_VERSION = 5.0;
				TARGETED_DEVICE_FAMILY = "1,2";
			};
			name = Release;
		};
/* End XCBuildConfiguration section */

/* Begin XCConfigurationList section */
		1D6E61E72AF89ABC004F4FEE /* Build configuration list for PBXProject "Ozinshe_SnapKit" */ = {
			isa = XCConfigurationList;
			buildConfigurations = (
				1D6E61FE2AF89ABD004F4FEE /* Debug */,
				1D6E61FF2AF89ABD004F4FEE /* Release */,
			);
			defaultConfigurationIsVisible = 0;
			defaultConfigurationName = Release;
		};
		1D6E62002AF89ABD004F4FEE /* Build configuration list for PBXNativeTarget "Ozinshe_SnapKit" */ = {
			isa = XCConfigurationList;
			buildConfigurations = (
				1D6E62012AF89ABD004F4FEE /* Debug */,
				1D6E62022AF89ABD004F4FEE /* Release */,
			);
			defaultConfigurationIsVisible = 0;
			defaultConfigurationName = Release;
		};
/* End XCConfigurationList section */

/* Begin XCRemoteSwiftPackageReference section */
		1D6E62182AF8CB54004F4FEE /* XCRemoteSwiftPackageReference "SnapKit" */ = {
			isa = XCRemoteSwiftPackageReference;
			repositoryURL = "https://github.com/SnapKit/SnapKit.git";
			requirement = {
				kind = upToNextMajorVersion;
				minimumVersion = 5.0.1;
			};
		};
/* End XCRemoteSwiftPackageReference section */

/* Begin XCSwiftPackageProductDependency section */
		1D6E62192AF8CB54004F4FEE /* SnapKit */ = {
			isa = XCSwiftPackageProductDependency;
			package = 1D6E62182AF8CB54004F4FEE /* XCRemoteSwiftPackageReference "SnapKit" */;
			productName = SnapKit;
		};
/* End XCSwiftPackageProductDependency section */
	};
	rootObject = 1D6E61E42AF89ABC004F4FEE /* Project object */;
}
